Microsoft Visual Studio Solution File, Format Version 12.00
# Visual Studio Version 17
VisualStudioVersion = 17.5.2.0
MinimumVisualStudioVersion = 10.0.40219.1
Project("{FAE04EC0-301F-11D3-BF4B-00C04F79EFBC}") = "Domain", "Domain\Domain.csproj", "{E528BBC3-1C26-8C35-F682-23718816ADCD}"
EndProject
Project("{FAE04EC0-301F-11D3-BF4B-00C04F79EFBC}") = "BusinessLogicTest", "BusinessLogicTest\BusinessLogicTest.csproj", "{194E0A65-D235-3DEB-87C7-2359646C4E4F}"
EndProject
Project("{FAE04EC0-301F-11D3-BF4B-00C04F79EFBC}") = "TaskTrackPro.UI", "TaskTrackPro.UI\TaskTrackPro.UI.csproj", "{135AE70C-C68B-445E-AFFD-50292A08FBB5}"
EndProject
Global
	GlobalSection(SolutionConfigurationPlatforms) = preSolution
		Debug|Any CPU = Debug|Any CPU
		Release|Any CPU = Release|Any CPU
	EndGlobalSection
	GlobalSection(ProjectConfigurationPlatforms) = postSolution
		{E528BBC3-1C26-8C35-F682-23718816ADCD}.Debug|Any CPU.ActiveCfg = Debug|Any CPU
		{E528BBC3-1C26-8C35-F682-23718816ADCD}.Debug|Any CPU.Build.0 = Debug|Any CPU
		{E528BBC3-1C26-8C35-F682-23718816ADCD}.Release|Any CPU.ActiveCfg = Release|Any CPU
		{E528BBC3-1C26-8C35-F682-23718816ADCD}.Release|Any CPU.Build.0 = Release|Any CPU
		{194E0A65-D235-3DEB-87C7-2359646C4E4F}.Debug|Any CPU.ActiveCfg = Debug|Any CPU
		{194E0A65-D235-3DEB-87C7-2359646C4E4F}.Debug|Any CPU.Build.0 = Debug|Any CPU
		{194E0A65-D235-3DEB-87C7-2359646C4E4F}.Release|Any CPU.ActiveCfg = Release|Any CPU
		{194E0A65-D235-3DEB-87C7-2359646C4E4F}.Release|Any CPU.Build.0 = Release|Any CPU
		{135AE70C-C68B-445E-AFFD-50292A08FBB5}.Debug|Any CPU.ActiveCfg = Debug|Any CPU
		{135AE70C-C68B-445E-AFFD-50292A08FBB5}.Debug|Any CPU.Build.0 = Debug|Any CPU
		{135AE70C-C68B-445E-AFFD-50292A08FBB5}.Release|Any CPU.ActiveCfg = Release|Any CPU
		{135AE70C-C68B-445E-AFFD-50292A08FBB5}.Release|Any CPU.Build.0 = Release|Any CPU
	EndGlobalSection
	GlobalSection(SolutionProperties) = preSolution
		HideSolutionNode = FALSE
	EndGlobalSection
	GlobalSection(ExtensibilityGlobals) = postSolution
		SolutionGuid = {0145F060-65D0-488C-920C-895396EAB454}
	EndGlobalSection
EndGlobal
